
Microsoft Visual Studio Solution File, Format Version 12.00
# Visual Studio 2013
VisualStudioVersion = 12.0.31101.0
MinimumVisualStudioVersion = 10.0.40219.1
Project("{FAE04EC0-301F-11D3-BF4B-00C04F79EFBC}") = "RettieAddIn", "RettieAddIn\RettieAddIn.csproj", "{29AAEA16-1F9D-4D59-9D13-8DEB4068884C}"
EndProject
Global
	GlobalSection(SolutionConfigurationPlatforms) = preSolution
		Debug|Any CPU = Debug|Any CPU
		Release|Any CPU = Release|Any CPU
	EndGlobalSection
	GlobalSection(ProjectConfigurationPlatforms) = postSolution
		{29AAEA16-1F9D-4D59-9D13-8DEB4068884C}.Debug|Any CPU.ActiveCfg = Debug|Any CPU
		{29AAEA16-1F9D-4D59-9D13-8DEB4068884C}.Debug|Any CPU.Build.0 = Debug|Any CPU
		{29AAEA16-1F9D-4D59-9D13-8DEB4068884C}.Release|Any CPU.ActiveCfg = Release|Any CPU
		{29AAEA16-1F9D-4D59-9D13-8DEB4068884C}.Release|Any CPU.Build.0 = Release|Any CPU
	EndGlobalSection
	GlobalSection(SolutionProperties) = preSolution
		HideSolutionNode = FALSE
	EndGlobalSection
EndGlobal
